{
  "name": "chemicaltools",
  "version": "1.0.0",
  "lockfileVersion": 1,
  "requires": true,
  "dependencies": {
    "commander": {
      "version": "1.1.1",
      "resolved": "https://registry.npmjs.org/commander/-/commander-1.1.1.tgz",
      "integrity": "sha1-UNFlGGiuYOzP8KLZ80WVN2vGsEE=",
      "requires": {
        "keypress": "0.1.x"
      }
    },
    "keypress": {
      "version": "0.1.0",
      "resolved": "https://registry.npmjs.org/keypress/-/keypress-0.1.0.tgz",
      "integrity": "sha1-SjGI1CkbZrT2XtuZ+AaqmuKTWSo="
    },
    "nan": {
      "version": "2.10.0",
      "resolved": "https://registry.npmjs.org/nan/-/nan-2.10.0.tgz",
      "integrity": "sha512-bAdJv7fBLhWC+/Bls0Oza+mvTaNQtP+1RyhhhvD95pgUJz6XM5IzgmxOkItJ9tkoCiplvAnXI1tNmmUD/eScyA==",
      "optional": true
    },
    "nodejieba": {
      "version": "2.3.0",
      "resolved": "https://registry.npmjs.org/nodejieba/-/nodejieba-2.3.0.tgz",
      "integrity": "sha512-ZzLsVuNDlrmcBQa/b8G/yegdXje2iFmktYmPksk6qLha1brKEANYqg4XPiBspF1D0y7Npho91KTmvKFcDr0UdA==",
      "optional": true,
      "requires": {
        "nan": "~2.10.0"
      }
    },
    "object-assign": {
      "version": "4.1.1",
      "resolved": "https://registry.npmjs.org/object-assign/-/object-assign-4.1.1.tgz",
      "integrity": "sha1-IQmtx5ZYh8/AXLvUQsrIv7s2CGM="
    },
    "pinyin": {
      "version": "2.8.3",
      "resolved": "https://registry.npmjs.org/pinyin/-/pinyin-2.8.3.tgz",
      "integrity": "sha1-MBzLQ1jM/oAlI8S9ZAphK+5NfEs=",
      "requires": {
        "commander": "~1.1.1",
        "nodejieba": "^2.2.1",
        "object-assign": "^4.0.1"
      }
    }
  }
}
